
Microsoft Visual Studio Solution File, Format Version 12.00
# Visual Studio 2010
Project("{FAE04EC0-301F-11D3-BF4B-00C04F79EFBC}") = "Prototipo1DG", "Prototipo1DG\Prototipo1DG.csproj", "{636F023B-284B-4B10-BF03-E07FF686D526}"
EndProject
Project("{FAE04EC0-301F-11D3-BF4B-00C04F79EFBC}") = "Libreria", "Libreria\Libreria.csproj", "{A3ECC94B-D872-4529-A912-8204CC9733C6}"
EndProject
Global
	GlobalSection(SolutionConfigurationPlatforms) = preSolution
		Debug|Any CPU = Debug|Any CPU
		Release|Any CPU = Release|Any CPU
	EndGlobalSection
	GlobalSection(ProjectConfigurationPlatforms) = postSolution
		{636F023B-284B-4B10-BF03-E07FF686D526}.Debug|Any CPU.ActiveCfg = Debug|Any CPU
		{636F023B-284B-4B10-BF03-E07FF686D526}.Debug|Any CPU.Build.0 = Debug|Any CPU
		{636F023B-284B-4B10-BF03-E07FF686D526}.Release|Any CPU.ActiveCfg = Release|Any CPU
		{636F023B-284B-4B10-BF03-E07FF686D526}.Release|Any CPU.Build.0 = Release|Any CPU
		{A3ECC94B-D872-4529-A912-8204CC9733C6}.Debug|Any CPU.ActiveCfg = Debug|Any CPU
		{A3ECC94B-D872-4529-A912-8204CC9733C6}.Debug|Any CPU.Build.0 = Debug|Any CPU
		{A3ECC94B-D872-4529-A912-8204CC9733C6}.Release|Any CPU.ActiveCfg = Release|Any CPU
		{A3ECC94B-D872-4529-A912-8204CC9733C6}.Release|Any CPU.Build.0 = Release|Any CPU
	EndGlobalSection
	GlobalSection(SolutionProperties) = preSolution
		HideSolutionNode = FALSE
	EndGlobalSection
EndGlobal
